
Microsoft Visual Studio Solution File, Format Version 12.00
# Visual Studio Version 16
VisualStudioVersion = 16.0.31605.320
MinimumVisualStudioVersion = 10.0.40219.1
Project("{FAE04EC0-301F-11D3-BF4B-00C04F79EFBC}") = "chap_7.6_and_7.7_practice", "chap_7.6_and_7.7_practice\chap_7.6_and_7.7_practice.csproj", "{5E2C9A8A-B000-483C-9FC5-A43BED9901DD}"
EndProject
Global
	GlobalSection(SolutionConfigurationPlatforms) = preSolution
		Debug|Any CPU = Debug|Any CPU
		Release|Any CPU = Release|Any CPU
	EndGlobalSection
	GlobalSection(ProjectConfigurationPlatforms) = postSolution
		{5E2C9A8A-B000-483C-9FC5-A43BED9901DD}.Debug|Any CPU.ActiveCfg = Debug|Any CPU
		{5E2C9A8A-B000-483C-9FC5-A43BED9901DD}.Debug|Any CPU.Build.0 = Debug|Any CPU
		{5E2C9A8A-B000-483C-9FC5-A43BED9901DD}.Release|Any CPU.ActiveCfg = Release|Any CPU
		{5E2C9A8A-B000-483C-9FC5-A43BED9901DD}.Release|Any CPU.Build.0 = Release|Any CPU
	EndGlobalSection
	GlobalSection(SolutionProperties) = preSolution
		HideSolutionNode = FALSE
	EndGlobalSection
	GlobalSection(ExtensibilityGlobals) = postSolution
		SolutionGuid = {997E56C8-8153-41D2-9A27-6A90E3A2BFC7}
	EndGlobalSection
EndGlobal
